
Microsoft Visual Studio Solution File, Format Version 12.00
# Visual Studio Version 16
VisualStudioVersion = 16.0.30104.148
MinimumVisualStudioVersion = 10.0.40219.1
Project("{9A19103F-16F7-4668-BE54-9A1E7A4F7556}") = "InnoscriptaPizza.App", "InnoscriptaPizza\InnoscriptaPizza.App.csproj", "{7DD24374-7611-4D25-B7F7-2DB29DD921A6}"
EndProject
Project("{FAE04EC0-301F-11D3-BF4B-00C04F79EFBC}") = "InnoscriptaPizza.Persistence", "InnoscriptaPizza.Persistence\InnoscriptaPizza.Persistence.csproj", "{9060D5BB-F184-4127-8964-D57FFB71F24A}"
EndProject
Global
	GlobalSection(SolutionConfigurationPlatforms) = preSolution
		Debug|Any CPU = Debug|Any CPU
		Release|Any CPU = Release|Any CPU
	EndGlobalSection
	GlobalSection(ProjectConfigurationPlatforms) = postSolution
		{7DD24374-7611-4D25-B7F7-2DB29DD921A6}.Debug|Any CPU.ActiveCfg = Debug|Any CPU
		{7DD24374-7611-4D25-B7F7-2DB29DD921A6}.Debug|Any CPU.Build.0 = Debug|Any CPU
		{7DD24374-7611-4D25-B7F7-2DB29DD921A6}.Release|Any CPU.ActiveCfg = Release|Any CPU
		{7DD24374-7611-4D25-B7F7-2DB29DD921A6}.Release|Any CPU.Build.0 = Release|Any CPU
		{9060D5BB-F184-4127-8964-D57FFB71F24A}.Debug|Any CPU.ActiveCfg = Debug|Any CPU
		{9060D5BB-F184-4127-8964-D57FFB71F24A}.Debug|Any CPU.Build.0 = Debug|Any CPU
		{9060D5BB-F184-4127-8964-D57FFB71F24A}.Release|Any CPU.ActiveCfg = Release|Any CPU
		{9060D5BB-F184-4127-8964-D57FFB71F24A}.Release|Any CPU.Build.0 = Release|Any CPU
	EndGlobalSection
	GlobalSection(SolutionProperties) = preSolution
		HideSolutionNode = FALSE
	EndGlobalSection
	GlobalSection(ExtensibilityGlobals) = postSolution
		SolutionGuid = {89380FE5-2371-4C4A-9EEE-2A1FA5F6699A}
	EndGlobalSection
EndGlobal
